
Microsoft Visual Studio Solution File, Format Version 12.00
# Visual Studio Version 17
VisualStudioVersion = 17.4.33205.214
MinimumVisualStudioVersion = 10.0.40219.1
Project("{8BC9CEB8-8B4A-11D0-8D11-00A0C91BC942}") = "H2_Air", "H2_Air.vcxproj", "{7C1CF674-C850-4511-9A1E-33A8A1F41B07}"
EndProject
Global
	GlobalSection(SolutionConfigurationPlatforms) = preSolution
		Debug|x64 = Debug|x64
		Debug|x86 = Debug|x86
		Release|x64 = Release|x64
		Release|x86 = Release|x86
	EndGlobalSection
	GlobalSection(ProjectConfigurationPlatforms) = postSolution
		{7C1CF674-C850-4511-9A1E-33A8A1F41B07}.Debug|x64.ActiveCfg = Debug|x64
		{7C1CF674-C850-4511-9A1E-33A8A1F41B07}.Debug|x64.Build.0 = Debug|x64
		{7C1CF674-C850-4511-9A1E-33A8A1F41B07}.Debug|x86.ActiveCfg = Debug|Win32
		{7C1CF674-C850-4511-9A1E-33A8A1F41B07}.Debug|x86.Build.0 = Debug|Win32
		{7C1CF674-C850-4511-9A1E-33A8A1F41B07}.Release|x64.ActiveCfg = Release|x64
		{7C1CF674-C850-4511-9A1E-33A8A1F41B07}.Release|x64.Build.0 = Release|x64
		{7C1CF674-C850-4511-9A1E-33A8A1F41B07}.Release|x86.ActiveCfg = Release|Win32
		{7C1CF674-C850-4511-9A1E-33A8A1F41B07}.Release|x86.Build.0 = Release|Win32
	EndGlobalSection
	GlobalSection(SolutionProperties) = preSolution
		HideSolutionNode = FALSE
	EndGlobalSection
	GlobalSection(ExtensibilityGlobals) = postSolution
		SolutionGuid = {1AD78D1A-19B0-441B-8E99-FCE3766D0BC3}
	EndGlobalSection
EndGlobal
